
Microsoft Visual Studio Solution File, Format Version 12.00
# Visual Studio Version 17
VisualStudioVersion = 17.12.35527.113
MinimumVisualStudioVersion = 10.0.40219.1
Project("{FAE04EC0-301F-11D3-BF4B-00C04F79EFBC}") = "SERVERCore", "SERVERCore.csproj", "{6D59AAAE-BC62-4FEB-859C-4E8F2D431430}"
EndProject
Project("{FAE04EC0-301F-11D3-BF4B-00C04F79EFBC}") = "ClientFramework", "..\ClientFramework\ClientFramework.csproj", "{D38A001A-B6E7-4274-A82A-778A57761307}"
EndProject
Project("{FAE04EC0-301F-11D3-BF4B-00C04F79EFBC}") = "ClientCore", "..\ClientCore\ClientCore.csproj", "{A7F7B406-7978-4C31-B1AE-E024DB37983D}"
EndProject
Global
	GlobalSection(SolutionConfigurationPlatforms) = preSolution
		Debug|Any CPU = Debug|Any CPU
		Release|Any CPU = Release|Any CPU
	EndGlobalSection
	GlobalSection(ProjectConfigurationPlatforms) = postSolution
		{6D59AAAE-BC62-4FEB-859C-4E8F2D431430}.Debug|Any CPU.ActiveCfg = Debug|Any CPU
		{6D59AAAE-BC62-4FEB-859C-4E8F2D431430}.Debug|Any CPU.Build.0 = Debug|Any CPU
		{6D59AAAE-BC62-4FEB-859C-4E8F2D431430}.Release|Any CPU.ActiveCfg = Release|Any CPU
		{6D59AAAE-BC62-4FEB-859C-4E8F2D431430}.Release|Any CPU.Build.0 = Release|Any CPU
		{D38A001A-B6E7-4274-A82A-778A57761307}.Debug|Any CPU.ActiveCfg = Debug|Any CPU
		{D38A001A-B6E7-4274-A82A-778A57761307}.Debug|Any CPU.Build.0 = Debug|Any CPU
		{D38A001A-B6E7-4274-A82A-778A57761307}.Release|Any CPU.ActiveCfg = Release|Any CPU
		{D38A001A-B6E7-4274-A82A-778A57761307}.Release|Any CPU.Build.0 = Release|Any CPU
		{A7F7B406-7978-4C31-B1AE-E024DB37983D}.Debug|Any CPU.ActiveCfg = Debug|Any CPU
		{A7F7B406-7978-4C31-B1AE-E024DB37983D}.Debug|Any CPU.Build.0 = Debug|Any CPU
		{A7F7B406-7978-4C31-B1AE-E024DB37983D}.Release|Any CPU.ActiveCfg = Release|Any CPU
		{A7F7B406-7978-4C31-B1AE-E024DB37983D}.Release|Any CPU.Build.0 = Release|Any CPU
	EndGlobalSection
	GlobalSection(SolutionProperties) = preSolution
		HideSolutionNode = FALSE
	EndGlobalSection
EndGlobal
